
Microsoft Visual Studio Solution File, Format Version 12.00
# Visual Studio Version 16
VisualStudioVersion = 25.0.1706.3
MinimumVisualStudioVersion = 10.0.40219.1
Project("{FAE04EC0-301F-11D3-BF4B-00C04F79EFBC}") = "ParkingProject", "ParkingProject\ParkingProject.csproj", "{700ECC4E-2006-4131-9562-8B750489F65C}"
EndProject
Project("{FAE04EC0-301F-11D3-BF4B-00C04F79EFBC}") = "ParkingSpace.UnitTest", "ParkingSpace.UnitTet\ParkingSpace.UnitTest.csproj", "{0953734E-E708-4688-ACFA-8334A13DA694}"
EndProject
Project("{2150E333-8FDC-42A3-9474-1A3956D46DE8}") = "Solution Items", "Solution Items", "{8D0EE574-FB86-4816-A216-3A27B906F770}"
	ProjectSection(SolutionItems) = preProject
		README.md = README.md
	EndProjectSection
EndProject
Global
	GlobalSection(SolutionConfigurationPlatforms) = preSolution
		Debug|Any CPU = Debug|Any CPU
		Release|Any CPU = Release|Any CPU
	EndGlobalSection
	GlobalSection(ProjectConfigurationPlatforms) = postSolution
		{700ECC4E-2006-4131-9562-8B750489F65C}.Debug|Any CPU.ActiveCfg = Debug|Any CPU
		{700ECC4E-2006-4131-9562-8B750489F65C}.Debug|Any CPU.Build.0 = Debug|Any CPU
		{700ECC4E-2006-4131-9562-8B750489F65C}.Release|Any CPU.ActiveCfg = Release|Any CPU
		{700ECC4E-2006-4131-9562-8B750489F65C}.Release|Any CPU.Build.0 = Release|Any CPU
		{0953734E-E708-4688-ACFA-8334A13DA694}.Debug|Any CPU.ActiveCfg = Debug|Any CPU
		{0953734E-E708-4688-ACFA-8334A13DA694}.Debug|Any CPU.Build.0 = Debug|Any CPU
		{0953734E-E708-4688-ACFA-8334A13DA694}.Release|Any CPU.ActiveCfg = Release|Any CPU
		{0953734E-E708-4688-ACFA-8334A13DA694}.Release|Any CPU.Build.0 = Release|Any CPU
	EndGlobalSection
	GlobalSection(SolutionProperties) = preSolution
		HideSolutionNode = FALSE
	EndGlobalSection
	GlobalSection(ExtensibilityGlobals) = postSolution
		SolutionGuid = {70A0D2D0-5749-43C9-A9E4-94FA24443D5D}
	EndGlobalSection
EndGlobal
